
Microsoft Visual Studio Solution File, Format Version 12.00
# Visual Studio Version 16
VisualStudioVersion = 16.0.31129.286
MinimumVisualStudioVersion = 10.0.40219.1
Project("{8BC9CEB8-8B4A-11D0-8D11-00A0C91BC942}") = "Snake20020493", "Snake20020493\Snake20020493.vcxproj", "{1F31310D-A164-49FB-8B3D-05A6C408E96A}"
EndProject
Global
	GlobalSection(SolutionConfigurationPlatforms) = preSolution
		Debug|x64 = Debug|x64
		Debug|x86 = Debug|x86
		Release|x64 = Release|x64
		Release|x86 = Release|x86
	EndGlobalSection
	GlobalSection(ProjectConfigurationPlatforms) = postSolution
		{1F31310D-A164-49FB-8B3D-05A6C408E96A}.Debug|x64.ActiveCfg = Debug|x64
		{1F31310D-A164-49FB-8B3D-05A6C408E96A}.Debug|x64.Build.0 = Debug|x64
		{1F31310D-A164-49FB-8B3D-05A6C408E96A}.Debug|x86.ActiveCfg = Debug|Win32
		{1F31310D-A164-49FB-8B3D-05A6C408E96A}.Debug|x86.Build.0 = Debug|Win32
		{1F31310D-A164-49FB-8B3D-05A6C408E96A}.Release|x64.ActiveCfg = Release|x64
		{1F31310D-A164-49FB-8B3D-05A6C408E96A}.Release|x64.Build.0 = Release|x64
		{1F31310D-A164-49FB-8B3D-05A6C408E96A}.Release|x86.ActiveCfg = Release|Win32
		{1F31310D-A164-49FB-8B3D-05A6C408E96A}.Release|x86.Build.0 = Release|Win32
	EndGlobalSection
	GlobalSection(SolutionProperties) = preSolution
		HideSolutionNode = FALSE
	EndGlobalSection
	GlobalSection(ExtensibilityGlobals) = postSolution
		SolutionGuid = {B67605F4-2B7E-4C64-A2B3-FB6FA3472858}
	EndGlobalSection
EndGlobal
